
Microsoft Visual Studio Solution File, Format Version 12.00
# Visual Studio 15
VisualStudioVersion = 15.0.27428.2015
MinimumVisualStudioVersion = 10.0.40219.1
Project("{FAE04EC0-301F-11D3-BF4B-00C04F79EFBC}") = "Dys", "Dys\Dys.csproj", "{DB67BA00-E8CE-41C8-BFE6-D9AC6617C9F3}"
EndProject
Project("{FAE04EC0-301F-11D3-BF4B-00C04F79EFBC}") = "Dys.Tests", "Dys.Tests\Dys.Tests.csproj", "{95BCDC5F-42FA-4F99-899E-C78CAB0F536A}"
EndProject
Global
	GlobalSection(SolutionConfigurationPlatforms) = preSolution
		Debug|Any CPU = Debug|Any CPU
		Release|Any CPU = Release|Any CPU
	EndGlobalSection
	GlobalSection(ProjectConfigurationPlatforms) = postSolution
		{DB67BA00-E8CE-41C8-BFE6-D9AC6617C9F3}.Debug|Any CPU.ActiveCfg = Debug|Any CPU
		{DB67BA00-E8CE-41C8-BFE6-D9AC6617C9F3}.Debug|Any CPU.Build.0 = Debug|Any CPU
		{DB67BA00-E8CE-41C8-BFE6-D9AC6617C9F3}.Release|Any CPU.ActiveCfg = Release|Any CPU
		{DB67BA00-E8CE-41C8-BFE6-D9AC6617C9F3}.Release|Any CPU.Build.0 = Release|Any CPU
		{95BCDC5F-42FA-4F99-899E-C78CAB0F536A}.Debug|Any CPU.ActiveCfg = Debug|Any CPU
		{95BCDC5F-42FA-4F99-899E-C78CAB0F536A}.Debug|Any CPU.Build.0 = Debug|Any CPU
		{95BCDC5F-42FA-4F99-899E-C78CAB0F536A}.Release|Any CPU.ActiveCfg = Release|Any CPU
		{95BCDC5F-42FA-4F99-899E-C78CAB0F536A}.Release|Any CPU.Build.0 = Release|Any CPU
	EndGlobalSection
	GlobalSection(SolutionProperties) = preSolution
		HideSolutionNode = FALSE
	EndGlobalSection
	GlobalSection(ExtensibilityGlobals) = postSolution
		SolutionGuid = {0B85DC48-2355-4670-A750-F6B710A13A26}
	EndGlobalSection
EndGlobal
